Microsoft Visual Studio Solution File, Format Version 12.00
# Visual Studio Version 17
VisualStudioVersion = 17.5.2.0
MinimumVisualStudioVersion = 10.0.40219.1
Project("{FAE04EC0-301F-11D3-BF4B-00C04F79EFBC}") = "CostDashboard", "CostDashboard.csproj", "{9C56F42E-7F3B-3ABB-BA31-6BDA5E48D33C}"
EndProject
Global
	GlobalSection(SolutionConfigurationPlatforms) = preSolution
		Debug|Any CPU = Debug|Any CPU
		Release|Any CPU = Release|Any CPU
	EndGlobalSection
	GlobalSection(ProjectConfigurationPlatforms) = postSolution
		{9C56F42E-7F3B-3ABB-BA31-6BDA5E48D33C}.Debug|Any CPU.ActiveCfg = Debug|Any CPU
		{9C56F42E-7F3B-3ABB-BA31-6BDA5E48D33C}.Debug|Any CPU.Build.0 = Debug|Any CPU
		{9C56F42E-7F3B-3ABB-BA31-6BDA5E48D33C}.Release|Any CPU.ActiveCfg = Release|Any CPU
		{9C56F42E-7F3B-3ABB-BA31-6BDA5E48D33C}.Release|Any CPU.Build.0 = Release|Any CPU
	EndGlobalSection
	GlobalSection(SolutionProperties) = preSolution
		HideSolutionNode = FALSE
	EndGlobalSection
	GlobalSection(ExtensibilityGlobals) = postSolution
		SolutionGuid = {7949ED19-A640-4988-B9BE-05F01BD5E2BD}
	EndGlobalSection
EndGlobal
